
Microsoft Visual Studio Solution File, Format Version 12.00
# Visual Studio Version 16
VisualStudioVersion = 16.0.31205.134
MinimumVisualStudioVersion = 10.0.40219.1
Project("{FAE04EC0-301F-11D3-BF4B-00C04F79EFBC}") = "cineAppNCapas", "cineAppNCapas\cineAppNCapas.csproj", "{0D6F3056-F47D-40E3-959B-DC864DF7C397}"
EndProject
Global
	GlobalSection(SolutionConfigurationPlatforms) = preSolution
		Debug|Any CPU = Debug|Any CPU
		Release|Any CPU = Release|Any CPU
	EndGlobalSection
	GlobalSection(ProjectConfigurationPlatforms) = postSolution
		{0D6F3056-F47D-40E3-959B-DC864DF7C397}.Debug|Any CPU.ActiveCfg = Debug|Any CPU
		{0D6F3056-F47D-40E3-959B-DC864DF7C397}.Debug|Any CPU.Build.0 = Debug|Any CPU
		{0D6F3056-F47D-40E3-959B-DC864DF7C397}.Release|Any CPU.ActiveCfg = Release|Any CPU
		{0D6F3056-F47D-40E3-959B-DC864DF7C397}.Release|Any CPU.Build.0 = Release|Any CPU
	EndGlobalSection
	GlobalSection(SolutionProperties) = preSolution
		HideSolutionNode = FALSE
	EndGlobalSection
	GlobalSection(ExtensibilityGlobals) = postSolution
		SolutionGuid = {54080AAC-F4AC-44B5-94D7-4AF74BA0B39C}
	EndGlobalSection
EndGlobal
